
Microsoft Visual Studio Solution File, Format Version 12.00
# Visual Studio Version 17
VisualStudioVersion = 17.7.34031.279
MinimumVisualStudioVersion = 10.0.40219.1
Project("{8BC9CEB8-8B4A-11D0-8D11-00A0C91BC942}") = "Kursovaya_s_dopami", "Kursovaya_s_dopami\Kursovaya_s_dopami.vcxproj", "{D697A636-DD9F-478A-9454-AF5A618506E4}"
EndProject
Global
	GlobalSection(SolutionConfigurationPlatforms) = preSolution
		Debug|x64 = Debug|x64
		Debug|x86 = Debug|x86
		Release|x64 = Release|x64
		Release|x86 = Release|x86
	EndGlobalSection
	GlobalSection(ProjectConfigurationPlatforms) = postSolution
		{D697A636-DD9F-478A-9454-AF5A618506E4}.Debug|x64.ActiveCfg = Debug|x64
		{D697A636-DD9F-478A-9454-AF5A618506E4}.Debug|x64.Build.0 = Debug|x64
		{D697A636-DD9F-478A-9454-AF5A618506E4}.Debug|x86.ActiveCfg = Debug|Win32
		{D697A636-DD9F-478A-9454-AF5A618506E4}.Debug|x86.Build.0 = Debug|Win32
		{D697A636-DD9F-478A-9454-AF5A618506E4}.Release|x64.ActiveCfg = Release|x64
		{D697A636-DD9F-478A-9454-AF5A618506E4}.Release|x64.Build.0 = Release|x64
		{D697A636-DD9F-478A-9454-AF5A618506E4}.Release|x86.ActiveCfg = Release|Win32
		{D697A636-DD9F-478A-9454-AF5A618506E4}.Release|x86.Build.0 = Release|Win32
	EndGlobalSection
	GlobalSection(SolutionProperties) = preSolution
		HideSolutionNode = FALSE
	EndGlobalSection
	GlobalSection(ExtensibilityGlobals) = postSolution
		SolutionGuid = {80CC5C3D-4CBE-4077-8697-A924068A82B7}
	EndGlobalSection
EndGlobal
